
Microsoft Visual Studio Solution File, Format Version 12.00
# Visual Studio Version 16
VisualStudioVersion = 16.0.30503.244
MinimumVisualStudioVersion = 10.0.40219.1
Project("{FAE04EC0-301F-11D3-BF4B-00C04F79EFBC}") = "Presantaion", "Imdb\Presantaion.csproj", "{B99943A1-9198-46DC-8FCE-F8E9492DCDCB}"
EndProject
Project("{FAE04EC0-301F-11D3-BF4B-00C04F79EFBC}") = "Entities", "Entities\Entities.csproj", "{78241177-4504-4BE9-89CE-3461DF678F79}"
EndProject
Project("{FAE04EC0-301F-11D3-BF4B-00C04F79EFBC}") = "DataAccess", "DataAccess\DataAccess.csproj", "{7E2B8FBD-4202-4D41-9586-4B6AC282240A}"
EndProject
Project("{FAE04EC0-301F-11D3-BF4B-00C04F79EFBC}") = "Business", "Business\Business.csproj", "{867A4A23-BBAC-49F7-B363-2039EC0E5B9D}"
EndProject
Global
	GlobalSection(SolutionConfigurationPlatforms) = preSolution
		Debug|Any CPU = Debug|Any CPU
		Release|Any CPU = Release|Any CPU
	EndGlobalSection
	GlobalSection(ProjectConfigurationPlatforms) = postSolution
		{B99943A1-9198-46DC-8FCE-F8E9492DCDCB}.Debug|Any CPU.ActiveCfg = Debug|Any CPU
		{B99943A1-9198-46DC-8FCE-F8E9492DCDCB}.Debug|Any CPU.Build.0 = Debug|Any CPU
		{B99943A1-9198-46DC-8FCE-F8E9492DCDCB}.Release|Any CPU.ActiveCfg = Release|Any CPU
		{B99943A1-9198-46DC-8FCE-F8E9492DCDCB}.Release|Any CPU.Build.0 = Release|Any CPU
		{78241177-4504-4BE9-89CE-3461DF678F79}.Debug|Any CPU.ActiveCfg = Debug|Any CPU
		{78241177-4504-4BE9-89CE-3461DF678F79}.Debug|Any CPU.Build.0 = Debug|Any CPU
		{78241177-4504-4BE9-89CE-3461DF678F79}.Release|Any CPU.ActiveCfg = Release|Any CPU
		{78241177-4504-4BE9-89CE-3461DF678F79}.Release|Any CPU.Build.0 = Release|Any CPU
		{7E2B8FBD-4202-4D41-9586-4B6AC282240A}.Debug|Any CPU.ActiveCfg = Debug|Any CPU
		{7E2B8FBD-4202-4D41-9586-4B6AC282240A}.Debug|Any CPU.Build.0 = Debug|Any CPU
		{7E2B8FBD-4202-4D41-9586-4B6AC282240A}.Release|Any CPU.ActiveCfg = Release|Any CPU
		{7E2B8FBD-4202-4D41-9586-4B6AC282240A}.Release|Any CPU.Build.0 = Release|Any CPU
		{867A4A23-BBAC-49F7-B363-2039EC0E5B9D}.Debug|Any CPU.ActiveCfg = Debug|Any CPU
		{867A4A23-BBAC-49F7-B363-2039EC0E5B9D}.Debug|Any CPU.Build.0 = Debug|Any CPU
		{867A4A23-BBAC-49F7-B363-2039EC0E5B9D}.Release|Any CPU.ActiveCfg = Release|Any CPU
		{867A4A23-BBAC-49F7-B363-2039EC0E5B9D}.Release|Any CPU.Build.0 = Release|Any CPU
	EndGlobalSection
	GlobalSection(SolutionProperties) = preSolution
		HideSolutionNode = FALSE
	EndGlobalSection
	GlobalSection(ExtensibilityGlobals) = postSolution
		SolutionGuid = {B4CDE98E-2660-4D50-90BB-ED29C94CE328}
	EndGlobalSection
EndGlobal
